
Microsoft Visual Studio Solution File, Format Version 12.00
# Visual Studio Version 16
VisualStudioVersion = 16.0.33214.272
MinimumVisualStudioVersion = 10.0.40219.1
Project("{FAE04EC0-301F-11D3-BF4B-00C04F79EFBC}") = "Bank_AutomationProject", "Bank_AutomationProject.csproj", "{BB5FA5AF-5BE2-4422-B059-75E76DE001D6}"
EndProject
Global
	GlobalSection(SolutionConfigurationPlatforms) = preSolution
		Debug|Any CPU = Debug|Any CPU
		Release|Any CPU = Release|Any CPU
	EndGlobalSection
	GlobalSection(ProjectConfigurationPlatforms) = postSolution
		{BB5FA5AF-5BE2-4422-B059-75E76DE001D6}.Debug|Any CPU.ActiveCfg = Debug|Any CPU
		{BB5FA5AF-5BE2-4422-B059-75E76DE001D6}.Debug|Any CPU.Build.0 = Debug|Any CPU
		{BB5FA5AF-5BE2-4422-B059-75E76DE001D6}.Release|Any CPU.ActiveCfg = Release|Any CPU
		{BB5FA5AF-5BE2-4422-B059-75E76DE001D6}.Release|Any CPU.Build.0 = Release|Any CPU
	EndGlobalSection
	GlobalSection(SolutionProperties) = preSolution
		HideSolutionNode = FALSE
	EndGlobalSection
	GlobalSection(ExtensibilityGlobals) = postSolution
		SolutionGuid = {DFBCFF91-9981-4811-9AE5-571D0C053776}
	EndGlobalSection
EndGlobal
